
Microsoft Visual Studio Solution File, Format Version 12.00
# Visual Studio Version 17
VisualStudioVersion = 17.11.35303.130
MinimumVisualStudioVersion = 10.0.40219.1
Project("{FAE04EC0-301F-11D3-BF4B-00C04F79EFBC}") = "EmpleadosDocentes", "EmpleadosDocentes\EmpleadosDocentes.csproj", "{0A994034-7463-4D40-9C42-FE87A4D7F5D2}"
EndProject
Global
	GlobalSection(SolutionConfigurationPlatforms) = preSolution
		Debug|Any CPU = Debug|Any CPU
		Release|Any CPU = Release|Any CPU
	EndGlobalSection
	GlobalSection(ProjectConfigurationPlatforms) = postSolution
		{0A994034-7463-4D40-9C42-FE87A4D7F5D2}.Debug|Any CPU.ActiveCfg = Debug|Any CPU
		{0A994034-7463-4D40-9C42-FE87A4D7F5D2}.Debug|Any CPU.Build.0 = Debug|Any CPU
		{0A994034-7463-4D40-9C42-FE87A4D7F5D2}.Release|Any CPU.ActiveCfg = Release|Any CPU
		{0A994034-7463-4D40-9C42-FE87A4D7F5D2}.Release|Any CPU.Build.0 = Release|Any CPU
	EndGlobalSection
	GlobalSection(SolutionProperties) = preSolution
		HideSolutionNode = FALSE
	EndGlobalSection
	GlobalSection(ExtensibilityGlobals) = postSolution
		SolutionGuid = {EEB4EDC7-521D-4CD1-8599-331B8DEB9D6D}
	EndGlobalSection
EndGlobal
